
Microsoft Visual Studio Solution File, Format Version 12.00
# Visual Studio Version 16
VisualStudioVersion = 16.0.30611.23
MinimumVisualStudioVersion = 10.0.40219.1
Project("{FAE04EC0-301F-11D3-BF4B-00C04F79EFBC}") = "DameMojiChecker", "DameMojiChecker\DameMojiChecker.csproj", "{78A46D4D-DDA3-4E84-A0B7-6CC2D2A1EA93}"
EndProject
Project("{9A19103F-16F7-4668-BE54-9A1E7A4F7556}") = "IniFileSharp", "IniFileSharp\IniFileSharp.csproj", "{031F5E37-1993-42C4-B330-1824A604A138}"
EndProject
Global
	GlobalSection(SolutionConfigurationPlatforms) = preSolution
		Debug|Any CPU = Debug|Any CPU
		Release|Any CPU = Release|Any CPU
	EndGlobalSection
	GlobalSection(ProjectConfigurationPlatforms) = postSolution
		{78A46D4D-DDA3-4E84-A0B7-6CC2D2A1EA93}.Debug|Any CPU.ActiveCfg = Debug|Any CPU
		{78A46D4D-DDA3-4E84-A0B7-6CC2D2A1EA93}.Debug|Any CPU.Build.0 = Debug|Any CPU
		{78A46D4D-DDA3-4E84-A0B7-6CC2D2A1EA93}.Release|Any CPU.ActiveCfg = Release|Any CPU
		{78A46D4D-DDA3-4E84-A0B7-6CC2D2A1EA93}.Release|Any CPU.Build.0 = Release|Any CPU
		{031F5E37-1993-42C4-B330-1824A604A138}.Debug|Any CPU.ActiveCfg = Debug|Any CPU
		{031F5E37-1993-42C4-B330-1824A604A138}.Debug|Any CPU.Build.0 = Debug|Any CPU
		{031F5E37-1993-42C4-B330-1824A604A138}.Release|Any CPU.ActiveCfg = Release|Any CPU
		{031F5E37-1993-42C4-B330-1824A604A138}.Release|Any CPU.Build.0 = Release|Any CPU
	EndGlobalSection
	GlobalSection(SolutionProperties) = preSolution
		HideSolutionNode = FALSE
	EndGlobalSection
	GlobalSection(ExtensibilityGlobals) = postSolution
		SolutionGuid = {9784F99B-8041-46F8-91A4-10C58A770981}
	EndGlobalSection
EndGlobal
